
Microsoft Visual Studio Solution File, Format Version 12.00
# Visual Studio Version 17
VisualStudioVersion = 17.1.32210.238
MinimumVisualStudioVersion = 10.0.40219.1
Project("{FAE04EC0-301F-11D3-BF4B-00C04F79EFBC}") = "webapi", "webapi.csproj", "{C3E5DD9A-B514-4632-A568-5B1BD55A5328}"
EndProject
Global
	GlobalSection(SolutionConfigurationPlatforms) = preSolution
		Debug|Any CPU = Debug|Any CPU
		Release|Any CPU = Release|Any CPU
	EndGlobalSection
	GlobalSection(ProjectConfigurationPlatforms) = postSolution
		{C3E5DD9A-B514-4632-A568-5B1BD55A5328}.Debug|Any CPU.ActiveCfg = Debug|Any CPU
		{C3E5DD9A-B514-4632-A568-5B1BD55A5328}.Debug|Any CPU.Build.0 = Debug|Any CPU
		{C3E5DD9A-B514-4632-A568-5B1BD55A5328}.Release|Any CPU.ActiveCfg = Release|Any CPU
		{C3E5DD9A-B514-4632-A568-5B1BD55A5328}.Release|Any CPU.Build.0 = Release|Any CPU
	EndGlobalSection
	GlobalSection(SolutionProperties) = preSolution
		HideSolutionNode = FALSE
	EndGlobalSection
	GlobalSection(ExtensibilityGlobals) = postSolution
		SolutionGuid = {B53629AB-92FE-4AF6-89C6-A8C224913D00}
	EndGlobalSection
EndGlobal
