
Microsoft Visual Studio Solution File, Format Version 12.00
# Visual Studio Version 17
VisualStudioVersion = 17.1.32210.238
MinimumVisualStudioVersion = 10.0.40219.1
Project("{FAE04EC0-301F-11D3-BF4B-00C04F79EFBC}") = "WebApi1", "WebApi1.csproj", "{A8648454-1577-4AA4-B792-D229B2AC5A0D}"
EndProject
Global
	GlobalSection(SolutionConfigurationPlatforms) = preSolution
		Debug|Any CPU = Debug|Any CPU
		Release|Any CPU = Release|Any CPU
	EndGlobalSection
	GlobalSection(ProjectConfigurationPlatforms) = postSolution
		{A8648454-1577-4AA4-B792-D229B2AC5A0D}.Debug|Any CPU.ActiveCfg = Debug|Any CPU
		{A8648454-1577-4AA4-B792-D229B2AC5A0D}.Debug|Any CPU.Build.0 = Debug|Any CPU
		{A8648454-1577-4AA4-B792-D229B2AC5A0D}.Release|Any CPU.ActiveCfg = Release|Any CPU
		{A8648454-1577-4AA4-B792-D229B2AC5A0D}.Release|Any CPU.Build.0 = Release|Any CPU
	EndGlobalSection
	GlobalSection(SolutionProperties) = preSolution
		HideSolutionNode = FALSE
	EndGlobalSection
	GlobalSection(ExtensibilityGlobals) = postSolution
		SolutionGuid = {756FFFCC-C0FE-4ABA-87A2-775B87A7F05A}
	EndGlobalSection
EndGlobal
