
Microsoft Visual Studio Solution File, Format Version 12.00
# Visual Studio Version 17
VisualStudioVersion = 17.0.32126.317
MinimumVisualStudioVersion = 10.0.40219.1
Project("{FAE04EC0-301F-11D3-BF4B-00C04F79EFBC}") = "Task4", "Task4.csproj", "{40619430-3C7E-43B9-9159-3F59417D9375}"
EndProject
Global
	GlobalSection(SolutionConfigurationPlatforms) = preSolution
		Debug|Any CPU = Debug|Any CPU
		Release|Any CPU = Release|Any CPU
	EndGlobalSection
	GlobalSection(ProjectConfigurationPlatforms) = postSolution
		{40619430-3C7E-43B9-9159-3F59417D9375}.Debug|Any CPU.ActiveCfg = Debug|Any CPU
		{40619430-3C7E-43B9-9159-3F59417D9375}.Debug|Any CPU.Build.0 = Debug|Any CPU
		{40619430-3C7E-43B9-9159-3F59417D9375}.Release|Any CPU.ActiveCfg = Release|Any CPU
		{40619430-3C7E-43B9-9159-3F59417D9375}.Release|Any CPU.Build.0 = Release|Any CPU
	EndGlobalSection
	GlobalSection(SolutionProperties) = preSolution
		HideSolutionNode = FALSE
	EndGlobalSection
	GlobalSection(ExtensibilityGlobals) = postSolution
		SolutionGuid = {8D8F5FD4-1452-41EE-96F9-69770A7B7F57}
	EndGlobalSection
EndGlobal
